
Microsoft Visual Studio Solution File, Format Version 12.00
# Visual Studio Version 17
VisualStudioVersion = 17.4.33213.308
MinimumVisualStudioVersion = 10.0.40219.1
Project("{FAE04EC0-301F-11D3-BF4B-00C04F79EFBC}") = "GameProjectBackEnd", "GameProjectBackEnd\GameProjectBackEnd.csproj", "{4E50940B-2436-4F39-8B3D-9B3C91FD2F3B}"
EndProject
Global
	GlobalSection(SolutionConfigurationPlatforms) = preSolution
		Debug|Any CPU = Debug|Any CPU
		Release|Any CPU = Release|Any CPU
	EndGlobalSection
	GlobalSection(ProjectConfigurationPlatforms) = postSolution
		{4E50940B-2436-4F39-8B3D-9B3C91FD2F3B}.Debug|Any CPU.ActiveCfg = Debug|Any CPU
		{4E50940B-2436-4F39-8B3D-9B3C91FD2F3B}.Debug|Any CPU.Build.0 = Debug|Any CPU
		{4E50940B-2436-4F39-8B3D-9B3C91FD2F3B}.Release|Any CPU.ActiveCfg = Release|Any CPU
		{4E50940B-2436-4F39-8B3D-9B3C91FD2F3B}.Release|Any CPU.Build.0 = Release|Any CPU
	EndGlobalSection
	GlobalSection(SolutionProperties) = preSolution
		HideSolutionNode = FALSE
	EndGlobalSection
	GlobalSection(ExtensibilityGlobals) = postSolution
		SolutionGuid = {DC2355BB-8471-4BAA-861E-D5289394D534}
	EndGlobalSection
EndGlobal
